
Microsoft Visual Studio Solution File, Format Version 10.00
# Visual Studio 2008
Project("{8BC9CEB8-8B4A-11D0-8D11-00A0C91BC942}") = "CommTest", "CommTest\CommTest.vcproj", "{C6F0482A-F4D4-4580-A417-CACF2EFA6975}"
	ProjectSection(ProjectDependencies) = postProject
		{4FD4BC1B-8E96-4E1A-B7C8-E7A92AF81A7B} = {4FD4BC1B-8E96-4E1A-B7C8-E7A92AF81A7B}
	EndProjectSection
EndProject
Project("{8BC9CEB8-8B4A-11D0-8D11-00A0C91BC942}") = "LogEx", "LogEx\LogEx.vcproj", "{4FD4BC1B-8E96-4E1A-B7C8-E7A92AF81A7B}"
EndProject
Global
	GlobalSection(SolutionConfigurationPlatforms) = preSolution
		Debug Ansi|Win32 = Debug Ansi|Win32
		Debug|Win32 = Debug|Win32
		Release Ansi|Win32 = Release Ansi|Win32
		Release|Win32 = Release|Win32
	EndGlobalSection
	GlobalSection(ProjectConfigurationPlatforms) = postSolution
		{C6F0482A-F4D4-4580-A417-CACF2EFA6975}.Debug Ansi|Win32.ActiveCfg = Debug|Win32
		{C6F0482A-F4D4-4580-A417-CACF2EFA6975}.Debug Ansi|Win32.Build.0 = Debug|Win32
		{C6F0482A-F4D4-4580-A417-CACF2EFA6975}.Debug|Win32.ActiveCfg = Debug|Win32
		{C6F0482A-F4D4-4580-A417-CACF2EFA6975}.Debug|Win32.Build.0 = Debug|Win32
		{C6F0482A-F4D4-4580-A417-CACF2EFA6975}.Release Ansi|Win32.ActiveCfg = Release|Win32
		{C6F0482A-F4D4-4580-A417-CACF2EFA6975}.Release Ansi|Win32.Build.0 = Release|Win32
		{C6F0482A-F4D4-4580-A417-CACF2EFA6975}.Release|Win32.ActiveCfg = Release|Win32
		{C6F0482A-F4D4-4580-A417-CACF2EFA6975}.Release|Win32.Build.0 = Release|Win32
		{4FD4BC1B-8E96-4E1A-B7C8-E7A92AF81A7B}.Debug Ansi|Win32.ActiveCfg = Debug Ansi|Win32
		{4FD4BC1B-8E96-4E1A-B7C8-E7A92AF81A7B}.Debug Ansi|Win32.Build.0 = Debug Ansi|Win32
		{4FD4BC1B-8E96-4E1A-B7C8-E7A92AF81A7B}.Debug|Win32.ActiveCfg = Debug|Win32
		{4FD4BC1B-8E96-4E1A-B7C8-E7A92AF81A7B}.Debug|Win32.Build.0 = Debug|Win32
		{4FD4BC1B-8E96-4E1A-B7C8-E7A92AF81A7B}.Release Ansi|Win32.ActiveCfg = Release Ansi|Win32
		{4FD4BC1B-8E96-4E1A-B7C8-E7A92AF81A7B}.Release Ansi|Win32.Build.0 = Release Ansi|Win32
		{4FD4BC1B-8E96-4E1A-B7C8-E7A92AF81A7B}.Release|Win32.ActiveCfg = Release|Win32
		{4FD4BC1B-8E96-4E1A-B7C8-E7A92AF81A7B}.Release|Win32.Build.0 = Release|Win32
	EndGlobalSection
	GlobalSection(SolutionProperties) = preSolution
		HideSolutionNode = FALSE
	EndGlobalSection
EndGlobal
